
Microsoft Visual Studio Solution File, Format Version 12.00
# Visual Studio 15
VisualStudioVersion = 15.0.27703.2026
MinimumVisualStudioVersion = 10.0.40219.1
Project("{FAE04EC0-301F-11D3-BF4B-00C04F79EFBC}") = "GPPGCalculator2", "GPPGCalculator2\GPPGCalculator2.csproj", "{642CD479-EF58-4093-89DD-48F9FAD41C4D}"
EndProject
Global
	GlobalSection(SolutionConfigurationPlatforms) = preSolution
		Debug|Any CPU = Debug|Any CPU
		Release|Any CPU = Release|Any CPU
	EndGlobalSection
	GlobalSection(ProjectConfigurationPlatforms) = postSolution
		{642CD479-EF58-4093-89DD-48F9FAD41C4D}.Debug|Any CPU.ActiveCfg = Debug|Any CPU
		{642CD479-EF58-4093-89DD-48F9FAD41C4D}.Debug|Any CPU.Build.0 = Debug|Any CPU
		{642CD479-EF58-4093-89DD-48F9FAD41C4D}.Release|Any CPU.ActiveCfg = Release|Any CPU
		{642CD479-EF58-4093-89DD-48F9FAD41C4D}.Release|Any CPU.Build.0 = Release|Any CPU
	EndGlobalSection
	GlobalSection(SolutionProperties) = preSolution
		HideSolutionNode = FALSE
	EndGlobalSection
	GlobalSection(ExtensibilityGlobals) = postSolution
		SolutionGuid = {C97D3440-ED03-4786-84E9-C0D80146AEFB}
	EndGlobalSection
EndGlobal
